# This file is automatically @generated by Cargo.
# It is not intended for manual editing.
version = 4

[[package]]
name = "ic-cipher"
version = "0.2.7"
source = "registry+https://github.com/rust-lang/crates.io-index"
checksum = "32ef644ab6557bbce504b435fe6baac3ab29c8a4da5927a9411567c45ea6d683"
dependencies = [
 "ic-core",
]

[[package]]
name = "ic-core"
version = "0.2.7"
source = "registry+https://github.com/rust-lang/crates.io-index"
checksum = "768c14b2ddc2f05e7ff7848d2279d90b0fa92d9c3a7a55b4b54bced0df94df7b"

[[package]]
name = "ic-drbg"
version = "0.2.7"
source = "registry+https://github.com/rust-lang/crates.io-index"
checksum = "07b2e5c5dc5b47c7d3ea48aa5e4693791f0584090b7902609dcc9c84fe73df75"
dependencies = [
 "ic-cipher",
 "ic-core",
 "ic-hash",
 "ic-mac",
]

[[package]]
name = "ic-ec"
version = "0.2.7"
source = "registry+https://github.com/rust-lang/crates.io-index"
checksum = "9b9eaf8c71b12da96f2508b0fcae37ba20f7181156d27c7d0a098cf1b6e1f1fd"
dependencies = [
 "ic-core",
 "ic-hash",
 "ic-mac",
]

[[package]]
name = "ic-hash"
version = "0.2.7"
source = "registry+https://github.com/rust-lang/crates.io-index"
checksum = "6e67f2f6de92ce5cf94bbfcfd24bf7dab22271612120718e8abe8122802606eb"
dependencies = [
 "ic-core",
]

[[package]]
name = "ic-kdf"
version = "0.2.7"
source = "registry+https://github.com/rust-lang/crates.io-index"
checksum = "d4e26f2514f98fbd5a79c565e4b32a2e3a3cecdb5d578416800594d549320e39"
dependencies = [
 "ic-core",
 "ic-hash",
 "ic-mac",
]

[[package]]
name = "ic-mac"
version = "0.2.7"
source = "registry+https://github.com/rust-lang/crates.io-index"
checksum = "c9f571fb025ad803592c0c091db3cd7fabdfe2c68d5530be9964d17734a83869"
dependencies = [
 "ic-cipher",
 "ic-core",
 "ic-hash",
]

[[package]]
name = "ic-mldsa"
version = "0.2.7"
source = "registry+https://github.com/rust-lang/crates.io-index"
checksum = "6573d0cc04034a5b18806a33d87a72c714105e3785ce0dd3093e5c9511a1745f"
dependencies = [
 "ic-core",
 "ic-hash",
]

[[package]]
name = "ic-mlkem"
version = "0.2.7"
source = "registry+https://github.com/rust-lang/crates.io-index"
checksum = "878eae4274b5ab9e8b931ef99c179038fb6fd0c7b1ad357afccc28b5bf32be85"
dependencies = [
 "ic-core",
 "ic-hash",
]

[[package]]
name = "ic-ontology"
version = "0.2.7"
source = "registry+https://github.com/rust-lang/crates.io-index"
checksum = "26bac404cdc29694e426e490bacf1a4b6c0ddc02288f2b0035583425773bbd35"
dependencies = [
 "ic-core",
]

[[package]]
name = "ic-pkix"
version = "0.2.7"
source = "registry+https://github.com/rust-lang/crates.io-index"
checksum = "3abf7c91c250ea952b17ef1f9c8ffce6ffcaaddfc10ee0bd34f897f8b2da2f21"
dependencies = [
 "ic-core",
]

[[package]]
name = "ic-rsa"
version = "0.2.7"
source = "registry+https://github.com/rust-lang/crates.io-index"
checksum = "fb1af80313b65ea55667f588c9b4800c988ee2f2c06c3be2974c29b0830fa237"
dependencies = [
 "ic-core",
 "ic-hash",
]

[[package]]
name = "ipg"
version = "0.1.2"
dependencies = [
 "ic-cipher",
 "ic-core",
 "ic-drbg",
 "ic-ec",
 "ic-hash",
 "ic-kdf",
 "ic-mac",
 "ic-mldsa",
 "ic-mlkem",
 "ic-ontology",
 "ic-pkix",
 "ic-rsa",
 "ipg-cng",
 "ipg-json",
 "ipg-pkcs11",
]

[[package]]
name = "ipg-cng"
version = "0.1.1"
dependencies = [
 "ic-core",
 "ic-ec",
 "ic-hash",
]

[[package]]
name = "ipg-derive"
version = "0.1.0"

[[package]]
name = "ipg-json"
version = "0.1.0"
dependencies = [
 "ipg-derive",
]

[[package]]
name = "ipg-pkcs11"
version = "0.1.0"
dependencies = [
 "ic-core",
]
