# This file is automatically @generated by Cargo.
# It is not intended for manual editing.
version = 4

[[package]]
name = "ic-cipher"
version = "0.2.10"
source = "registry+https://github.com/rust-lang/crates.io-index"
checksum = "fce933cbce67867af70802097f7372764c899b692b45c4c58be70ff55dbb1cc6"
dependencies = [
 "ic-core",
]

[[package]]
name = "ic-core"
version = "0.2.10"
source = "registry+https://github.com/rust-lang/crates.io-index"
checksum = "8999cb77ca31cdeb1c9e30c9495cdb85b03d61cc630c6718a659888af1270c19"

[[package]]
name = "ic-drbg"
version = "0.2.10"
source = "registry+https://github.com/rust-lang/crates.io-index"
checksum = "b30c56efcefd92a75f24745de6244583197465d7941d46482c620e218129f644"
dependencies = [
 "ic-cipher",
 "ic-core",
 "ic-hash",
 "ic-mac",
]

[[package]]
name = "ic-ec"
version = "0.2.10"
source = "registry+https://github.com/rust-lang/crates.io-index"
checksum = "5acea8a931a0cae8464cf93e274f5ed446378834abdd7018cdfc428ca11baaae"
dependencies = [
 "ic-core",
 "ic-hash",
 "ic-mac",
]

[[package]]
name = "ic-hash"
version = "0.2.10"
source = "registry+https://github.com/rust-lang/crates.io-index"
checksum = "c8afb970945ab5e0d64f56d4f12dd5944dd7ada1787d73538f32ad59ed399b07"
dependencies = [
 "ic-core",
]

[[package]]
name = "ic-kdf"
version = "0.2.10"
source = "registry+https://github.com/rust-lang/crates.io-index"
checksum = "07ee1575634d7cc2dbea7a54922ca7074cbb8bc6972e1b97a7650339742371dd"
dependencies = [
 "ic-core",
 "ic-hash",
 "ic-mac",
]

[[package]]
name = "ic-mac"
version = "0.2.10"
source = "registry+https://github.com/rust-lang/crates.io-index"
checksum = "3f68fd1624d61eeec9a45dd7e9dc34d584a25e5a0fdfa8c36e70bbd43457943d"
dependencies = [
 "ic-cipher",
 "ic-core",
 "ic-hash",
]

[[package]]
name = "ic-mldsa"
version = "0.2.10"
source = "registry+https://github.com/rust-lang/crates.io-index"
checksum = "29a90c4c3847c11e9a896c1b29e04e5105eb41d741920d9220fc248df1bd3d5b"
dependencies = [
 "ic-core",
 "ic-hash",
]

[[package]]
name = "ic-mlkem"
version = "0.2.10"
source = "registry+https://github.com/rust-lang/crates.io-index"
checksum = "e0dfac87159d08b6b258c04c37b192836fda439272d323acab436f07f3c0bdcf"
dependencies = [
 "ic-core",
 "ic-hash",
]

[[package]]
name = "ic-ontology"
version = "0.2.10"
source = "registry+https://github.com/rust-lang/crates.io-index"
checksum = "f33f193b05380d9dcf7e2e9ba6ca52d7e1396b4c76c62ec587553d5663744468"
dependencies = [
 "ic-core",
]

[[package]]
name = "ic-pkix"
version = "0.2.10"
source = "registry+https://github.com/rust-lang/crates.io-index"
checksum = "c806b8a3a986e79ed116e871879fd6c2ea656bc1cc35be5f0feb314353796b5b"
dependencies = [
 "ic-core",
]

[[package]]
name = "ic-rsa"
version = "0.2.10"
source = "registry+https://github.com/rust-lang/crates.io-index"
checksum = "d78340bc9a266596b2280fa0d77bb2f4819512ce4e15976a46750e084b04ddcb"
dependencies = [
 "ic-core",
 "ic-hash",
]

[[package]]
name = "ipg"
version = "0.2.0"
dependencies = [
 "ic-cipher",
 "ic-core",
 "ic-drbg",
 "ic-ec",
 "ic-hash",
 "ic-kdf",
 "ic-mac",
 "ic-mldsa",
 "ic-mlkem",
 "ic-ontology",
 "ic-pkix",
 "ic-rsa",
 "ipg-cng",
 "ipg-json",
 "ipg-pkcs11",
]

[[package]]
name = "ipg-cng"
version = "0.1.2"
dependencies = [
 "ic-core",
 "ic-ec",
 "ic-hash",
]

[[package]]
name = "ipg-derive"
version = "0.1.0"

[[package]]
name = "ipg-json"
version = "0.1.0"
dependencies = [
 "ipg-derive",
]

[[package]]
name = "ipg-pkcs11"
version = "0.1.0"
dependencies = [
 "ic-core",
]
