# This file is automatically @generated by Cargo.
# It is not intended for manual editing.
version = 4

[[package]]
name = "ic-cipher"
version = "0.2.20"
source = "registry+https://github.com/rust-lang/crates.io-index"
checksum = "15417b6e42e329dc9b57012dc3a51aa7f77a8143799dbeeaac6e0bc40db25483"
dependencies = [
 "ic-core",
]

[[package]]
name = "ic-core"
version = "0.2.20"
source = "registry+https://github.com/rust-lang/crates.io-index"
checksum = "6d8511a155a67b766a08125c19086ec22b3056448d79de6a78c6403aa85ff3db"

[[package]]
name = "ic-drbg"
version = "0.2.20"
source = "registry+https://github.com/rust-lang/crates.io-index"
checksum = "046d518b766ab70ee222f7ae1320c26ff81e488dbb31e6daa7844e35e7495503"
dependencies = [
 "ic-cipher",
 "ic-core",
 "ic-hash",
 "ic-mac",
]

[[package]]
name = "ic-ec"
version = "0.2.20"
source = "registry+https://github.com/rust-lang/crates.io-index"
checksum = "c665f88ff6e23b59909221a97a3ed988206568f2835fd167f73a24af4a527dec"
dependencies = [
 "ic-core",
 "ic-hash",
 "ic-mac",
]

[[package]]
name = "ic-hash"
version = "0.2.20"
source = "registry+https://github.com/rust-lang/crates.io-index"
checksum = "bce03bf8ac5a0600856f04e815c28e8e9ec42c891ae21f57d3ba4b8609d01572"
dependencies = [
 "ic-core",
]

[[package]]
name = "ic-hpke"
version = "0.2.20"
source = "registry+https://github.com/rust-lang/crates.io-index"
checksum = "11ef3a144e3678163c2293cd773292cbfa6682ff30fa414dc0ce4758618d6b5c"
dependencies = [
 "ic-cipher",
 "ic-core",
 "ic-ec",
 "ic-hash",
 "ic-mac",
]

[[package]]
name = "ic-kdf"
version = "0.2.20"
source = "registry+https://github.com/rust-lang/crates.io-index"
checksum = "ac71804c429f9b06e00bd7d7b4af6fc25f6a8a76009e3b1e4c88e7114ad4868a"
dependencies = [
 "ic-core",
 "ic-hash",
 "ic-mac",
]

[[package]]
name = "ic-mac"
version = "0.2.20"
source = "registry+https://github.com/rust-lang/crates.io-index"
checksum = "d787f698c134c852c86d3bebd891d73b90dd09cbbc1a9a3a349b46d497f1aa3d"
dependencies = [
 "ic-cipher",
 "ic-core",
 "ic-hash",
]

[[package]]
name = "ic-mldsa"
version = "0.2.20"
source = "registry+https://github.com/rust-lang/crates.io-index"
checksum = "8c60a3001ce67c7443894ff1af92d826f0d97a33536c8852394a5d0e00514dd6"
dependencies = [
 "ic-core",
 "ic-hash",
]

[[package]]
name = "ic-mlkem"
version = "0.2.20"
source = "registry+https://github.com/rust-lang/crates.io-index"
checksum = "a03d2e06f9946b1e53d4814bbadb1d75d67ebb67ef46cc60a33d2fb5ea156f3d"
dependencies = [
 "ic-core",
 "ic-hash",
]

[[package]]
name = "ic-ontology"
version = "0.2.20"
source = "registry+https://github.com/rust-lang/crates.io-index"
checksum = "6ec90104072c1f923d69bfd89c75ea088166adf5d51e31a0176330ff5e0a09ef"
dependencies = [
 "ic-core",
]

[[package]]
name = "ic-pkix"
version = "0.2.20"
source = "registry+https://github.com/rust-lang/crates.io-index"
checksum = "db471ade251ba34596739df9c6f385989c45571230ada40616d09b7d9d58fa73"
dependencies = [
 "ic-core",
]

[[package]]
name = "ic-rsa"
version = "0.2.20"
source = "registry+https://github.com/rust-lang/crates.io-index"
checksum = "cd0d5864a49a863030c8e30f462f2179e95d221283f5d6a7f6fa4b8beadf4769"
dependencies = [
 "ic-core",
 "ic-hash",
]

[[package]]
name = "ipg"
version = "0.2.0"
dependencies = [
 "ic-cipher",
 "ic-core",
 "ic-drbg",
 "ic-ec",
 "ic-hash",
 "ic-hpke",
 "ic-kdf",
 "ic-mac",
 "ic-mldsa",
 "ic-mlkem",
 "ic-ontology",
 "ic-pkix",
 "ic-rsa",
 "ipg-cng",
 "ipg-json",
 "ipg-pkcs11",
]

[[package]]
name = "ipg-cng"
version = "0.1.2"
dependencies = [
 "ic-core",
 "ic-ec",
 "ic-hash",
]

[[package]]
name = "ipg-derive"
version = "0.1.0"

[[package]]
name = "ipg-json"
version = "0.1.0"
dependencies = [
 "ipg-derive",
]

[[package]]
name = "ipg-pkcs11"
version = "0.1.0"
dependencies = [
 "ic-core",
]
