# This file is automatically @generated by Cargo.
# It is not intended for manual editing.
version = 4

[[package]]
name = "arbitrary"
version = "1.4.2"
source = "registry+https://github.com/rust-lang/crates.io-index"
checksum = "c3d036a3c4ab069c7b410a2ce876bd74808d2d0888a82667669f8e783a898bf1"

[[package]]
name = "cc"
version = "1.4.7"
source = "registry+https://github.com/rust-lang/crates.io-index"
checksum = "54413ede23c2daf518f35156dfde027feb2374004d63bd497f983c8db9c0e313"
dependencies = [
 "find-msvc-tools",
 "jobserver",
 "libc",
 "shlex",
]

[[package]]
name = "cfg-if"
version = "1.0.5"
source = "registry+https://github.com/rust-lang/crates.io-index"
checksum = "4e7648175b45a9a48536d676f68d918270699102aa8dab5496df06904c914600"

[[package]]
name = "find-msvc-tools"
version = "0.1.13"
source = "registry+https://github.com/rust-lang/crates.io-index"
checksum = "ef25905e51abafe4dcea6c15fec58c57b601cdbd0ee53d22ea1d3016c587d39b"

[[package]]
name = "getrandom"
version = "0.4.3"
source = "registry+https://github.com/rust-lang/crates.io-index"
checksum = "300e883d756b2e4ec94e02791f39b04b522276138852cfc41d9fb7e904106099"
dependencies = [
 "cfg-if",
 "libc",
 "r-efi",
]

[[package]]
name = "ic-cipher"
version = "0.2.10"
source = "registry+https://github.com/rust-lang/crates.io-index"
checksum = "fce933cbce67867af70802097f7372764c899b692b45c4c58be70ff55dbb1cc6"
dependencies = [
 "ic-core",
]

[[package]]
name = "ic-core"
version = "0.2.10"
source = "registry+https://github.com/rust-lang/crates.io-index"
checksum = "8999cb77ca31cdeb1c9e30c9495cdb85b03d61cc630c6718a659888af1270c19"

[[package]]
name = "ic-drbg"
version = "0.2.10"
source = "registry+https://github.com/rust-lang/crates.io-index"
checksum = "b30c56efcefd92a75f24745de6244583197465d7941d46482c620e218129f644"
dependencies = [
 "ic-cipher",
 "ic-core",
 "ic-hash",
 "ic-mac",
]

[[package]]
name = "ic-ec"
version = "0.2.10"
source = "registry+https://github.com/rust-lang/crates.io-index"
checksum = "5acea8a931a0cae8464cf93e274f5ed446378834abdd7018cdfc428ca11baaae"
dependencies = [
 "ic-core",
 "ic-hash",
 "ic-mac",
]

[[package]]
name = "ic-hash"
version = "0.2.10"
source = "registry+https://github.com/rust-lang/crates.io-index"
checksum = "c8afb970945ab5e0d64f56d4f12dd5944dd7ada1787d73538f32ad59ed399b07"
dependencies = [
 "ic-core",
]

[[package]]
name = "ic-kdf"
version = "0.2.10"
source = "registry+https://github.com/rust-lang/crates.io-index"
checksum = "07ee1575634d7cc2dbea7a54922ca7074cbb8bc6972e1b97a7650339742371dd"
dependencies = [
 "ic-core",
 "ic-hash",
 "ic-mac",
]

[[package]]
name = "ic-mac"
version = "0.2.10"
source = "registry+https://github.com/rust-lang/crates.io-index"
checksum = "3f68fd1624d61eeec9a45dd7e9dc34d584a25e5a0fdfa8c36e70bbd43457943d"
dependencies = [
 "ic-cipher",
 "ic-core",
 "ic-hash",
]

[[package]]
name = "ic-mldsa"
version = "0.2.10"
source = "registry+https://github.com/rust-lang/crates.io-index"
checksum = "29a90c4c3847c11e9a896c1b29e04e5105eb41d741920d9220fc248df1bd3d5b"
dependencies = [
 "ic-core",
 "ic-hash",
]

[[package]]
name = "ic-mlkem"
version = "0.2.10"
source = "registry+https://github.com/rust-lang/crates.io-index"
checksum = "e0dfac87159d08b6b258c04c37b192836fda439272d323acab436f07f3c0bdcf"
dependencies = [
 "ic-core",
 "ic-hash",
]

[[package]]
name = "ic-ontology"
version = "0.2.10"
source = "registry+https://github.com/rust-lang/crates.io-index"
checksum = "f33f193b05380d9dcf7e2e9ba6ca52d7e1396b4c76c62ec587553d5663744468"
dependencies = [
 "ic-core",
]

[[package]]
name = "ic-pkix"
version = "0.2.10"
source = "registry+https://github.com/rust-lang/crates.io-index"
checksum = "c806b8a3a986e79ed116e871879fd6c2ea656bc1cc35be5f0feb314353796b5b"
dependencies = [
 "ic-core",
]

[[package]]
name = "ic-rsa"
version = "0.2.10"
source = "registry+https://github.com/rust-lang/crates.io-index"
checksum = "d78340bc9a266596b2280fa0d77bb2f4819512ce4e15976a46750e084b04ddcb"
dependencies = [
 "ic-core",
 "ic-hash",
]

[[package]]
name = "ipg"
version = "0.2.0"
dependencies = [
 "ic-cipher",
 "ic-core",
 "ic-drbg",
 "ic-ec",
 "ic-hash",
 "ic-kdf",
 "ic-mac",
 "ic-mldsa",
 "ic-mlkem",
 "ic-ontology",
 "ic-pkix",
 "ic-rsa",
 "ipg-json",
]

[[package]]
name = "ipg-derive"
version = "0.1.0"

[[package]]
name = "ipg-fuzz-support"
version = "0.0.0"
dependencies = [
 "ipg",
 "ipg-json",
 "libfuzzer-sys",
]

[[package]]
name = "ipg-json"
version = "0.1.0"
dependencies = [
 "ipg-derive",
]

[[package]]
name = "jobserver"
version = "0.1.35"
source = "registry+https://github.com/rust-lang/crates.io-index"
checksum = "1c00acbd29eabad4a2392fa0e921c874934dbbf4194312ad20f04a0ed67a3cb3"
dependencies = [
 "getrandom",
 "libc",
]

[[package]]
name = "libc"
version = "0.2.189"
source = "registry+https://github.com/rust-lang/crates.io-index"
checksum = "3eaf3ede3fee6db1a4c2ee091bf8a8b4dccdc6d17f656fb07896ee72867612f2"

[[package]]
name = "libfuzzer-sys"
version = "0.4.13"
source = "registry+https://github.com/rust-lang/crates.io-index"
checksum = "a9fd2f41a1cba099f79a0b6b6c35656cf7c03351a7bae8ff0f28f25270f929d2"
dependencies = [
 "arbitrary",
 "cc",
]

[[package]]
name = "r-efi"
version = "6.0.0"
source = "registry+https://github.com/rust-lang/crates.io-index"
checksum = "f8dcc9c7d52a811697d2151c701e0d08956f92b0e24136cf4cf27b57a6a0d9bf"

[[package]]
name = "shlex"
version = "2.0.1"
source = "registry+https://github.com/rust-lang/crates.io-index"
checksum = "f8fadd59c855ef2080decdef8ff161eb6661b86933c9d82e5ba29dc602a55aba"
