# This file is automatically @generated by Cargo.
# It is not intended for manual editing.
version = 4

[[package]]
name = "arbitrary"
version = "1.5.0"
source = "registry+https://github.com/rust-lang/crates.io-index"
checksum = "3bc62ac97cc33321f50863d514c3bc38a453947a8f9e781137e47c7401020aed"

[[package]]
name = "cc"
version = "1.7.0"
source = "registry+https://github.com/rust-lang/crates.io-index"
checksum = "50a649af8a827553c29fb0cb4bd4a6f1a0dd695bd3232b9bc98bd9c8a3ffbb8b"
dependencies = [
 "find-msvc-tools",
 "jobserver",
 "libc",
 "shlex",
]

[[package]]
name = "cfg-if"
version = "1.0.5"
source = "registry+https://github.com/rust-lang/crates.io-index"
checksum = "4e7648175b45a9a48536d676f68d918270699102aa8dab5496df06904c914600"

[[package]]
name = "find-msvc-tools"
version = "0.1.14"
source = "registry+https://github.com/rust-lang/crates.io-index"
checksum = "aedcfb3409746eddb02b9e19ebda1c3394f759a152e48ee875a0844d1b955484"

[[package]]
name = "getrandom"
version = "0.4.3"
source = "registry+https://github.com/rust-lang/crates.io-index"
checksum = "300e883d756b2e4ec94e02791f39b04b522276138852cfc41d9fb7e904106099"
dependencies = [
 "cfg-if",
 "libc",
 "r-efi",
]

[[package]]
name = "ic-cipher"
version = "0.2.23"
source = "registry+https://github.com/rust-lang/crates.io-index"
checksum = "52c2370b6d9cd9b267f4c2527fdc3f757ab64a5fd3c42886539df8bcb791fdad"
dependencies = [
 "ic-core",
]

[[package]]
name = "ic-core"
version = "0.2.23"
source = "registry+https://github.com/rust-lang/crates.io-index"
checksum = "7929e953d8571825e66308f49f685884c7f065c11de4496d7e1446507fdc4718"

[[package]]
name = "ic-drbg"
version = "0.2.23"
source = "registry+https://github.com/rust-lang/crates.io-index"
checksum = "f748c98b623f558f1d287007e98974f80fa7ff02ea3c6f8460d71c56bef09ab4"
dependencies = [
 "ic-cipher",
 "ic-core",
 "ic-hash",
 "ic-mac",
]

[[package]]
name = "ic-ec"
version = "0.2.23"
source = "registry+https://github.com/rust-lang/crates.io-index"
checksum = "ce0927299f01cb38e6a32e9110bbd5c6d2c201198366a9b298f9afb8607533f5"
dependencies = [
 "ic-core",
 "ic-hash",
 "ic-mac",
]

[[package]]
name = "ic-hash"
version = "0.2.23"
source = "registry+https://github.com/rust-lang/crates.io-index"
checksum = "d1d95714e9fb09772045a88a4121ade7a37e5b489622fee2d7667c1eeb253be2"
dependencies = [
 "ic-core",
]

[[package]]
name = "ic-hpke"
version = "0.2.23"
source = "registry+https://github.com/rust-lang/crates.io-index"
checksum = "fd48c0d240e45331e9b49a6b68f310c639d663518d88b514249df5b5af2c686f"
dependencies = [
 "ic-cipher",
 "ic-core",
 "ic-ec",
 "ic-hash",
 "ic-mac",
]

[[package]]
name = "ic-kdf"
version = "0.2.23"
source = "registry+https://github.com/rust-lang/crates.io-index"
checksum = "814160c1629a78768e4c1e330790b0b19241189ca3018d0115668e7d98ae9e96"
dependencies = [
 "ic-core",
 "ic-hash",
 "ic-mac",
]

[[package]]
name = "ic-lms"
version = "0.2.23"
source = "registry+https://github.com/rust-lang/crates.io-index"
checksum = "833afff6ce4f490fc9933cf6037b97ce9e663778818f85f9bb22d49833e5e216"
dependencies = [
 "ic-core",
 "ic-hash",
]

[[package]]
name = "ic-mac"
version = "0.2.23"
source = "registry+https://github.com/rust-lang/crates.io-index"
checksum = "ed95c53c75a907f401ebe82111590e9a7b75ad2f742556ea036624591b624809"
dependencies = [
 "ic-cipher",
 "ic-core",
 "ic-hash",
]

[[package]]
name = "ic-mldsa"
version = "0.2.23"
source = "registry+https://github.com/rust-lang/crates.io-index"
checksum = "a969d7b9ac0758c3b0b67971645f3844f2b9aaacabcc8776ada8fba71be67071"
dependencies = [
 "ic-core",
 "ic-hash",
]

[[package]]
name = "ic-mlkem"
version = "0.2.23"
source = "registry+https://github.com/rust-lang/crates.io-index"
checksum = "9cab0b954c75edc58a9132daf0c1c98e80879d27c4ea721c7563dc1805103842"
dependencies = [
 "ic-core",
 "ic-hash",
]

[[package]]
name = "ic-ontology"
version = "0.2.23"
source = "registry+https://github.com/rust-lang/crates.io-index"
checksum = "373eabfe7ad37fbd9088bd951b57097566e38c0ac7705d6bcda7912d3265ad86"
dependencies = [
 "ic-core",
]

[[package]]
name = "ic-pkix"
version = "0.2.23"
source = "registry+https://github.com/rust-lang/crates.io-index"
checksum = "9d0026ae4c9e841b535fa3d3b2d212d52a49d5c1c27c33543052e2b72f00f537"
dependencies = [
 "ic-core",
]

[[package]]
name = "ic-rsa"
version = "0.2.23"
source = "registry+https://github.com/rust-lang/crates.io-index"
checksum = "d73b95da78d66fef6b487ec7f610a955177d477054cc02588b24434b777a58ee"
dependencies = [
 "ic-core",
 "ic-hash",
]

[[package]]
name = "ic-sig"
version = "0.2.23"
source = "registry+https://github.com/rust-lang/crates.io-index"
checksum = "308634951d29d4eb69a5da84af3cef76e72c26d72fcb1ba59a0444083bca040c"
dependencies = [
 "ic-core",
 "ic-ec",
 "ic-lms",
 "ic-mldsa",
 "ic-pkix",
 "ic-rsa",
 "ic-slhdsa",
]

[[package]]
name = "ic-slhdsa"
version = "0.2.23"
source = "registry+https://github.com/rust-lang/crates.io-index"
checksum = "2b1ed0c7ff22f2dad0318ea76dfb136b430d1b22d920a85d17cde3d72cb08adf"
dependencies = [
 "ic-core",
 "ic-hash",
 "ic-mac",
]

[[package]]
name = "ipg"
version = "0.2.0"
dependencies = [
 "ic-cipher",
 "ic-core",
 "ic-drbg",
 "ic-ec",
 "ic-hash",
 "ic-hpke",
 "ic-kdf",
 "ic-mac",
 "ic-mldsa",
 "ic-mlkem",
 "ic-ontology",
 "ic-pkix",
 "ic-rsa",
 "ipg-json",
 "ironpki",
]

[[package]]
name = "ipg-derive"
version = "0.1.0"

[[package]]
name = "ipg-fuzz-support"
version = "0.0.0"
dependencies = [
 "ipg",
 "ipg-json",
 "libfuzzer-sys",
]

[[package]]
name = "ipg-json"
version = "0.1.0"
dependencies = [
 "ipg-derive",
]

[[package]]
name = "ironpki"
version = "0.1.0"
source = "registry+https://github.com/rust-lang/crates.io-index"
checksum = "a3e41d23d4a488aa6e3e5efe06a5849d1d66b59d3792fdb4c3716591a809ae37"
dependencies = [
 "ic-core",
 "ic-hash",
 "ic-pkix",
 "ic-sig",
]

[[package]]
name = "jobserver"
version = "0.1.35"
source = "registry+https://github.com/rust-lang/crates.io-index"
checksum = "1c00acbd29eabad4a2392fa0e921c874934dbbf4194312ad20f04a0ed67a3cb3"
dependencies = [
 "getrandom",
 "libc",
]

[[package]]
name = "libc"
version = "0.2.190"
source = "registry+https://github.com/rust-lang/crates.io-index"
checksum = "ce5d3ddc6d3fa000eb1536d85e147bfe31aacaba692ed6a876f95cb7c855be78"

[[package]]
name = "libfuzzer-sys"
version = "0.4.13"
source = "registry+https://github.com/rust-lang/crates.io-index"
checksum = "a9fd2f41a1cba099f79a0b6b6c35656cf7c03351a7bae8ff0f28f25270f929d2"
dependencies = [
 "arbitrary",
 "cc",
]

[[package]]
name = "r-efi"
version = "6.0.0"
source = "registry+https://github.com/rust-lang/crates.io-index"
checksum = "f8dcc9c7d52a811697d2151c701e0d08956f92b0e24136cf4cf27b57a6a0d9bf"

[[package]]
name = "shlex"
version = "2.0.1"
source = "registry+https://github.com/rust-lang/crates.io-index"
checksum = "f8fadd59c855ef2080decdef8ff161eb6661b86933c9d82e5ba29dc602a55aba"
