# This file is automatically @generated by Cargo.
# It is not intended for manual editing.
version = 4

[[package]]
name = "arbitrary"
version = "1.5.0"
source = "registry+https://github.com/rust-lang/crates.io-index"
checksum = "3bc62ac97cc33321f50863d514c3bc38a453947a8f9e781137e47c7401020aed"

[[package]]
name = "cc"
version = "1.7.0"
source = "registry+https://github.com/rust-lang/crates.io-index"
checksum = "50a649af8a827553c29fb0cb4bd4a6f1a0dd695bd3232b9bc98bd9c8a3ffbb8b"
dependencies = [
 "find-msvc-tools",
 "jobserver",
 "libc",
 "shlex",
]

[[package]]
name = "cfg-if"
version = "1.0.5"
source = "registry+https://github.com/rust-lang/crates.io-index"
checksum = "4e7648175b45a9a48536d676f68d918270699102aa8dab5496df06904c914600"

[[package]]
name = "find-msvc-tools"
version = "0.1.14"
source = "registry+https://github.com/rust-lang/crates.io-index"
checksum = "aedcfb3409746eddb02b9e19ebda1c3394f759a152e48ee875a0844d1b955484"

[[package]]
name = "getrandom"
version = "0.4.3"
source = "registry+https://github.com/rust-lang/crates.io-index"
checksum = "300e883d756b2e4ec94e02791f39b04b522276138852cfc41d9fb7e904106099"
dependencies = [
 "cfg-if",
 "libc",
 "r-efi",
]

[[package]]
name = "ic-cipher"
version = "0.2.22"
source = "registry+https://github.com/rust-lang/crates.io-index"
checksum = "124c9de8543b2961cae70441f7b66c538a676ef6c0a5eade8b22df01b036540a"
dependencies = [
 "ic-core",
]

[[package]]
name = "ic-core"
version = "0.2.22"
source = "registry+https://github.com/rust-lang/crates.io-index"
checksum = "71ea583808a2ecb4d99f1863448c752f674b6c9407c6572f1e4c0b62849cb8bd"

[[package]]
name = "ic-drbg"
version = "0.2.22"
source = "registry+https://github.com/rust-lang/crates.io-index"
checksum = "3003900b9278b67fd4302472defeb377120c32535b9d99ca183c32208088231b"
dependencies = [
 "ic-cipher",
 "ic-core",
 "ic-hash",
 "ic-mac",
]

[[package]]
name = "ic-ec"
version = "0.2.22"
source = "registry+https://github.com/rust-lang/crates.io-index"
checksum = "d1fccdbb182f49e3103386fede6a6f053b6142644769e260b603d856ff27be91"
dependencies = [
 "ic-core",
 "ic-hash",
 "ic-mac",
]

[[package]]
name = "ic-hash"
version = "0.2.22"
source = "registry+https://github.com/rust-lang/crates.io-index"
checksum = "d66f5a489a285f8fd481df020618c1276d6d5ca2fcacd07f04cb63288ad314b4"
dependencies = [
 "ic-core",
]

[[package]]
name = "ic-hpke"
version = "0.2.22"
source = "registry+https://github.com/rust-lang/crates.io-index"
checksum = "1dcf3bff880c7a723428ef52cc3129ee0e5b8ceb1382f483b589eef0bc6f16bf"
dependencies = [
 "ic-cipher",
 "ic-core",
 "ic-ec",
 "ic-hash",
 "ic-mac",
]

[[package]]
name = "ic-kdf"
version = "0.2.22"
source = "registry+https://github.com/rust-lang/crates.io-index"
checksum = "b9c87c5429cf1d5df3f6f1304f470ef7cc2ee0a6bb1c56d915921c30e8f1d74b"
dependencies = [
 "ic-core",
 "ic-hash",
 "ic-mac",
]

[[package]]
name = "ic-mac"
version = "0.2.22"
source = "registry+https://github.com/rust-lang/crates.io-index"
checksum = "3c3ad9cc958b531827cbf21134ccf3d89a0e461240bc1922e7a934c0513fe3a9"
dependencies = [
 "ic-cipher",
 "ic-core",
 "ic-hash",
]

[[package]]
name = "ic-mldsa"
version = "0.2.22"
source = "registry+https://github.com/rust-lang/crates.io-index"
checksum = "39ff5c74f04e3c32a0b43d956cbe736db78c6b59ffc9ad9732aa269627e0c19c"
dependencies = [
 "ic-core",
 "ic-hash",
]

[[package]]
name = "ic-mlkem"
version = "0.2.22"
source = "registry+https://github.com/rust-lang/crates.io-index"
checksum = "87ea53a12108a759b7cbea64f0b984d096efd4353fe2441902505ecb03a1b737"
dependencies = [
 "ic-core",
 "ic-hash",
]

[[package]]
name = "ic-ontology"
version = "0.2.22"
source = "registry+https://github.com/rust-lang/crates.io-index"
checksum = "508163ebeb8a28e36b2fa61d3023471cbfc919ede3b6c0787ca7b4011984f89e"
dependencies = [
 "ic-core",
]

[[package]]
name = "ic-pkix"
version = "0.2.22"
source = "registry+https://github.com/rust-lang/crates.io-index"
checksum = "3ca5c9f87df14f5f6db4a927d0ce2a68825d298ac39745904f6b7a01b51f3c73"
dependencies = [
 "ic-core",
]

[[package]]
name = "ic-rsa"
version = "0.2.22"
source = "registry+https://github.com/rust-lang/crates.io-index"
checksum = "05215565bcbb65633077c0e7055c0dfe0023426dbd4a4f744dffaa8c46875d17"
dependencies = [
 "ic-core",
 "ic-hash",
]

[[package]]
name = "ipg"
version = "0.2.0"
dependencies = [
 "ic-cipher",
 "ic-core",
 "ic-drbg",
 "ic-ec",
 "ic-hash",
 "ic-hpke",
 "ic-kdf",
 "ic-mac",
 "ic-mldsa",
 "ic-mlkem",
 "ic-ontology",
 "ic-pkix",
 "ic-rsa",
 "ipg-json",
]

[[package]]
name = "ipg-derive"
version = "0.1.0"

[[package]]
name = "ipg-fuzz-support"
version = "0.0.0"
dependencies = [
 "ipg",
 "ipg-json",
 "libfuzzer-sys",
]

[[package]]
name = "ipg-json"
version = "0.1.0"
dependencies = [
 "ipg-derive",
]

[[package]]
name = "jobserver"
version = "0.1.35"
source = "registry+https://github.com/rust-lang/crates.io-index"
checksum = "1c00acbd29eabad4a2392fa0e921c874934dbbf4194312ad20f04a0ed67a3cb3"
dependencies = [
 "getrandom",
 "libc",
]

[[package]]
name = "libc"
version = "0.2.190"
source = "registry+https://github.com/rust-lang/crates.io-index"
checksum = "ce5d3ddc6d3fa000eb1536d85e147bfe31aacaba692ed6a876f95cb7c855be78"

[[package]]
name = "libfuzzer-sys"
version = "0.4.13"
source = "registry+https://github.com/rust-lang/crates.io-index"
checksum = "a9fd2f41a1cba099f79a0b6b6c35656cf7c03351a7bae8ff0f28f25270f929d2"
dependencies = [
 "arbitrary",
 "cc",
]

[[package]]
name = "r-efi"
version = "6.0.0"
source = "registry+https://github.com/rust-lang/crates.io-index"
checksum = "f8dcc9c7d52a811697d2151c701e0d08956f92b0e24136cf4cf27b57a6a0d9bf"

[[package]]
name = "shlex"
version = "2.0.1"
source = "registry+https://github.com/rust-lang/crates.io-index"
checksum = "f8fadd59c855ef2080decdef8ff161eb6661b86933c9d82e5ba29dc602a55aba"
